
Microsoft Visual Studio Solution File, Format Version 12.00
# Visual Studio 15
VisualStudioVersion = 15.0.27703.2047
MinimumVisualStudioVersion = 10.0.40219.1
Project("{FAE04EC0-301F-11D3-BF4B-00C04F79EFBC}") = "CheckersServerHost", "CheckersServerHost\CheckersServerHost.csproj", "{8CFE0BEA-C3F6-4C4A-8409-3ED23E8DEC67}"
EndProject
Project("{FAE04EC0-301F-11D3-BF4B-00C04F79EFBC}") = "CheckersPlayerClient", "CheckersPlayerClient\CheckersPlayerClient.csproj", "{4938421E-7D95-4FFA-845E-D064EDC4A0B2}"
EndProject
Global
	GlobalSection(SolutionConfigurationPlatforms) = preSolution
		Debug|Any CPU = Debug|Any CPU
		Release|Any CPU = Release|Any CPU
	EndGlobalSection
	GlobalSection(ProjectConfigurationPlatforms) = postSolution
		{8CFE0BEA-C3F6-4C4A-8409-3ED23E8DEC67}.Debug|Any CPU.ActiveCfg = Debug|Any CPU
		{8CFE0BEA-C3F6-4C4A-8409-3ED23E8DEC67}.Debug|Any CPU.Build.0 = Debug|Any CPU
		{8CFE0BEA-C3F6-4C4A-8409-3ED23E8DEC67}.Release|Any CPU.ActiveCfg = Release|Any CPU
		{8CFE0BEA-C3F6-4C4A-8409-3ED23E8DEC67}.Release|Any CPU.Build.0 = Release|Any CPU
		{4938421E-7D95-4FFA-845E-D064EDC4A0B2}.Debug|Any CPU.ActiveCfg = Debug|Any CPU
		{4938421E-7D95-4FFA-845E-D064EDC4A0B2}.Debug|Any CPU.Build.0 = Debug|Any CPU
		{4938421E-7D95-4FFA-845E-D064EDC4A0B2}.Release|Any CPU.ActiveCfg = Release|Any CPU
		{4938421E-7D95-4FFA-845E-D064EDC4A0B2}.Release|Any CPU.Build.0 = Release|Any CPU
	EndGlobalSection
	GlobalSection(SolutionProperties) = preSolution
		HideSolutionNode = FALSE
	EndGlobalSection
	GlobalSection(ExtensibilityGlobals) = postSolution
		SolutionGuid = {BD7AA65A-64BB-4944-8842-E7D0AE92E6FA}
	EndGlobalSection
EndGlobal
